
Microsoft Visual Studio Solution File, Format Version 12.00
# Visual Studio Version 17
VisualStudioVersion = 17.4.33205.214
MinimumVisualStudioVersion = 10.0.40219.1
Project("{FAE04EC0-301F-11D3-BF4B-00C04F79EFBC}") = "ProjetoFinal", "ProjetoFinal\ProjetoFinal.csproj", "{8DD32E68-2391-45D0-A835-7877ED5B1645}"
EndProject
Project("{FAE04EC0-301F-11D3-BF4B-00C04F79EFBC}") = "Infra", "Infra\Infra.csproj", "{7836FEAA-7847-496A-AB9B-A059A62D3BFC}"
EndProject
Project("{FAE04EC0-301F-11D3-BF4B-00C04F79EFBC}") = "Services", "Services\Services.csproj", "{95744188-E0B1-4207-BF9C-F69BED35D016}"
EndProject
Global
	GlobalSection(SolutionConfigurationPlatforms) = preSolution
		Debug|Any CPU = Debug|Any CPU
		Release|Any CPU = Release|Any CPU
	EndGlobalSection
	GlobalSection(ProjectConfigurationPlatforms) = postSolution
		{8DD32E68-2391-45D0-A835-7877ED5B1645}.Debug|Any CPU.ActiveCfg = Debug|Any CPU
		{8DD32E68-2391-45D0-A835-7877ED5B1645}.Debug|Any CPU.Build.0 = Debug|Any CPU
		{8DD32E68-2391-45D0-A835-7877ED5B1645}.Release|Any CPU.ActiveCfg = Release|Any CPU
		{8DD32E68-2391-45D0-A835-7877ED5B1645}.Release|Any CPU.Build.0 = Release|Any CPU
		{7836FEAA-7847-496A-AB9B-A059A62D3BFC}.Debug|Any CPU.ActiveCfg = Debug|Any CPU
		{7836FEAA-7847-496A-AB9B-A059A62D3BFC}.Debug|Any CPU.Build.0 = Debug|Any CPU
		{7836FEAA-7847-496A-AB9B-A059A62D3BFC}.Release|Any CPU.ActiveCfg = Release|Any CPU
		{7836FEAA-7847-496A-AB9B-A059A62D3BFC}.Release|Any CPU.Build.0 = Release|Any CPU
		{95744188-E0B1-4207-BF9C-F69BED35D016}.Debug|Any CPU.ActiveCfg = Debug|Any CPU
		{95744188-E0B1-4207-BF9C-F69BED35D016}.Debug|Any CPU.Build.0 = Debug|Any CPU
		{95744188-E0B1-4207-BF9C-F69BED35D016}.Release|Any CPU.ActiveCfg = Release|Any CPU
		{95744188-E0B1-4207-BF9C-F69BED35D016}.Release|Any CPU.Build.0 = Release|Any CPU
	EndGlobalSection
	GlobalSection(SolutionProperties) = preSolution
		HideSolutionNode = FALSE
	EndGlobalSection
	GlobalSection(ExtensibilityGlobals) = postSolution
		SolutionGuid = {BB03AF35-28C9-4C53-A834-AE213F1EA7C8}
	EndGlobalSection
EndGlobal
